
Microsoft Visual Studio Solution File, Format Version 12.00
# Visual Studio Version 16
VisualStudioVersion = 16.0.30128.74
MinimumVisualStudioVersion = 10.0.40219.1
Project("{FAE04EC0-301F-11D3-BF4B-00C04F79EFBC}") = "Zameen", "Zameen\Zameen.csproj", "{D3725A41-2099-41B0-A147-602E7127D688}"
EndProject
Global
	GlobalSection(SolutionConfigurationPlatforms) = preSolution
		Debug|Any CPU = Debug|Any CPU
		Release|Any CPU = Release|Any CPU
	EndGlobalSection
	GlobalSection(ProjectConfigurationPlatforms) = postSolution
		{D3725A41-2099-41B0-A147-602E7127D688}.Debug|Any CPU.ActiveCfg = Debug|Any CPU
		{D3725A41-2099-41B0-A147-602E7127D688}.Debug|Any CPU.Build.0 = Debug|Any CPU
		{D3725A41-2099-41B0-A147-602E7127D688}.Release|Any CPU.ActiveCfg = Release|Any CPU
		{D3725A41-2099-41B0-A147-602E7127D688}.Release|Any CPU.Build.0 = Release|Any CPU
	EndGlobalSection
	GlobalSection(SolutionProperties) = preSolution
		HideSolutionNode = FALSE
	EndGlobalSection
	GlobalSection(ExtensibilityGlobals) = postSolution
		SolutionGuid = {987F53C8-4C7F-412B-A018-91EEA30806F3}
	EndGlobalSection
EndGlobal
